
Microsoft Visual Studio Solution File, Format Version 12.00
# Visual Studio 15
VisualStudioVersion = 15.0.28307.489
MinimumVisualStudioVersion = 10.0.40219.1
Project("{9A19103F-16F7-4668-BE54-9A1E7A4F7556}") = "CloudOSTunnel", "CloudOSTunnel\CloudOSTunnel.csproj", "{2F30AA09-0394-4B4D-A01A-AAD355B5F8F3}"
EndProject
Project("{9A19103F-16F7-4668-BE54-9A1E7A4F7556}") = "FxSsh", "FxSsh\FxSsh\FxSsh.csproj", "{244EC03E-089C-489A-887C-4A3B0613E4B1}"
EndProject
Global
	GlobalSection(SolutionConfigurationPlatforms) = preSolution
		Debug|Any CPU = Debug|Any CPU
		Release|Any CPU = Release|Any CPU
	EndGlobalSection
	GlobalSection(ProjectConfigurationPlatforms) = postSolution
		{2F30AA09-0394-4B4D-A01A-AAD355B5F8F3}.Debug|Any CPU.ActiveCfg = Debug|Any CPU
		{2F30AA09-0394-4B4D-A01A-AAD355B5F8F3}.Debug|Any CPU.Build.0 = Debug|Any CPU
		{2F30AA09-0394-4B4D-A01A-AAD355B5F8F3}.Release|Any CPU.ActiveCfg = Release|Any CPU
		{2F30AA09-0394-4B4D-A01A-AAD355B5F8F3}.Release|Any CPU.Build.0 = Release|Any CPU
		{244EC03E-089C-489A-887C-4A3B0613E4B1}.Debug|Any CPU.ActiveCfg = Debug|Any CPU
		{244EC03E-089C-489A-887C-4A3B0613E4B1}.Debug|Any CPU.Build.0 = Debug|Any CPU
		{244EC03E-089C-489A-887C-4A3B0613E4B1}.Release|Any CPU.ActiveCfg = Release|Any CPU
		{244EC03E-089C-489A-887C-4A3B0613E4B1}.Release|Any CPU.Build.0 = Release|Any CPU
	EndGlobalSection
	GlobalSection(SolutionProperties) = preSolution
		HideSolutionNode = FALSE
	EndGlobalSection
	GlobalSection(ExtensibilityGlobals) = postSolution
		SolutionGuid = {085FC284-BD79-40FC-B0C4-8350CC10DA16}
	EndGlobalSection
EndGlobal
